
Microsoft Visual Studio Solution File, Format Version 12.00
# Visual Studio Version 17
VisualStudioVersion = 17.1.32228.430
MinimumVisualStudioVersion = 10.0.40219.1
Project("{FAE04EC0-301F-11D3-BF4B-00C04F79EFBC}") = "Rankomizer.Server.WebApp", "Rankomizer.Server.WebApp\Rankomizer.Server.WebApp.csproj", "{14ADD364-8C3A-4B91-8287-1D091BD85E0A}"
EndProject
Global
	GlobalSection(SolutionConfigurationPlatforms) = preSolution
		Debug|Any CPU = Debug|Any CPU
		Release|Any CPU = Release|Any CPU
	EndGlobalSection
	GlobalSection(ProjectConfigurationPlatforms) = postSolution
		{14ADD364-8C3A-4B91-8287-1D091BD85E0A}.Debug|Any CPU.ActiveCfg = Debug|Any CPU
		{14ADD364-8C3A-4B91-8287-1D091BD85E0A}.Debug|Any CPU.Build.0 = Debug|Any CPU
		{14ADD364-8C3A-4B91-8287-1D091BD85E0A}.Release|Any CPU.ActiveCfg = Release|Any CPU
		{14ADD364-8C3A-4B91-8287-1D091BD85E0A}.Release|Any CPU.Build.0 = Release|Any CPU
	EndGlobalSection
	GlobalSection(SolutionProperties) = preSolution
		HideSolutionNode = FALSE
	EndGlobalSection
	GlobalSection(ExtensibilityGlobals) = postSolution
		SolutionGuid = {A4076208-93BB-49CC-8299-169628FD4179}
	EndGlobalSection
EndGlobal
